
Microsoft Visual Studio Solution File, Format Version 12.00
# Visual Studio Version 16
VisualStudioVersion = 16.0.30621.155
MinimumVisualStudioVersion = 10.0.40219.1
Project("{FAE04EC0-301F-11D3-BF4B-00C04F79EFBC}") = "CESDEUniversity", "CESDEUniversity.csproj", "{B9B8338E-1BC5-428A-9F52-911E14482B99}"
EndProject
Global
	GlobalSection(SolutionConfigurationPlatforms) = preSolution
		Debug|Any CPU = Debug|Any CPU
		Release|Any CPU = Release|Any CPU
	EndGlobalSection
	GlobalSection(ProjectConfigurationPlatforms) = postSolution
		{B9B8338E-1BC5-428A-9F52-911E14482B99}.Debug|Any CPU.ActiveCfg = Debug|Any CPU
		{B9B8338E-1BC5-428A-9F52-911E14482B99}.Debug|Any CPU.Build.0 = Debug|Any CPU
		{B9B8338E-1BC5-428A-9F52-911E14482B99}.Release|Any CPU.ActiveCfg = Release|Any CPU
		{B9B8338E-1BC5-428A-9F52-911E14482B99}.Release|Any CPU.Build.0 = Release|Any CPU
	EndGlobalSection
	GlobalSection(SolutionProperties) = preSolution
		HideSolutionNode = FALSE
	EndGlobalSection
	GlobalSection(ExtensibilityGlobals) = postSolution
		SolutionGuid = {5A28F652-8E02-405F-83BD-6B6FAA58BC28}
	EndGlobalSection
EndGlobal
