
Microsoft Visual Studio Solution File, Format Version 12.00
# Visual Studio Version 16
VisualStudioVersion = 16.0.30717.126
MinimumVisualStudioVersion = 10.0.40219.1
Project("{FAE04EC0-301F-11D3-BF4B-00C04F79EFBC}") = "MusicStore", "MusicStore.csproj", "{A3600E31-7010-4F50-AE15-7A84C073B0D8}"
EndProject
Global
	GlobalSection(SolutionConfigurationPlatforms) = preSolution
		Debug|Any CPU = Debug|Any CPU
		Release|Any CPU = Release|Any CPU
	EndGlobalSection
	GlobalSection(ProjectConfigurationPlatforms) = postSolution
		{A3600E31-7010-4F50-AE15-7A84C073B0D8}.Debug|Any CPU.ActiveCfg = Debug|Any CPU
		{A3600E31-7010-4F50-AE15-7A84C073B0D8}.Debug|Any CPU.Build.0 = Debug|Any CPU
		{A3600E31-7010-4F50-AE15-7A84C073B0D8}.Release|Any CPU.ActiveCfg = Release|Any CPU
		{A3600E31-7010-4F50-AE15-7A84C073B0D8}.Release|Any CPU.Build.0 = Release|Any CPU
	EndGlobalSection
	GlobalSection(SolutionProperties) = preSolution
		HideSolutionNode = FALSE
	EndGlobalSection
	GlobalSection(ExtensibilityGlobals) = postSolution
		SolutionGuid = {D86CE87E-0855-4538-9FE2-91719B04F1E6}
	EndGlobalSection
EndGlobal
