
Microsoft Visual Studio Solution File, Format Version 12.00
# Visual Studio Version 16
VisualStudioVersion = 16.0.30717.126
MinimumVisualStudioVersion = 10.0.40219.1
Project("{FAE04EC0-301F-11D3-BF4B-00C04F79EFBC}") = "Fechas", "Fechas\Fechas.csproj", "{0BFC3770-005F-4630-9DA6-6F26E3C01772}"
EndProject
Global
	GlobalSection(SolutionConfigurationPlatforms) = preSolution
		Debug|Any CPU = Debug|Any CPU
		Release|Any CPU = Release|Any CPU
	EndGlobalSection
	GlobalSection(ProjectConfigurationPlatforms) = postSolution
		{0BFC3770-005F-4630-9DA6-6F26E3C01772}.Debug|Any CPU.ActiveCfg = Debug|Any CPU
		{0BFC3770-005F-4630-9DA6-6F26E3C01772}.Debug|Any CPU.Build.0 = Debug|Any CPU
		{0BFC3770-005F-4630-9DA6-6F26E3C01772}.Release|Any CPU.ActiveCfg = Release|Any CPU
		{0BFC3770-005F-4630-9DA6-6F26E3C01772}.Release|Any CPU.Build.0 = Release|Any CPU
	EndGlobalSection
	GlobalSection(SolutionProperties) = preSolution
		HideSolutionNode = FALSE
	EndGlobalSection
	GlobalSection(ExtensibilityGlobals) = postSolution
		SolutionGuid = {17CE7AD6-29A1-4CDF-A8F8-64DB72CC8E9C}
	EndGlobalSection
EndGlobal
