
Microsoft Visual Studio Solution File, Format Version 12.00
# Visual Studio Version 16
VisualStudioVersion = 16.0.30717.126
MinimumVisualStudioVersion = 10.0.40219.1
Project("{FAE04EC0-301F-11D3-BF4B-00C04F79EFBC}") = "StringsApp", "StringsApp\StringsApp.csproj", "{281E283D-0645-419C-8FC2-F177531F0F0E}"
EndProject
Global
	GlobalSection(SolutionConfigurationPlatforms) = preSolution
		Debug|Any CPU = Debug|Any CPU
		Release|Any CPU = Release|Any CPU
	EndGlobalSection
	GlobalSection(ProjectConfigurationPlatforms) = postSolution
		{281E283D-0645-419C-8FC2-F177531F0F0E}.Debug|Any CPU.ActiveCfg = Debug|Any CPU
		{281E283D-0645-419C-8FC2-F177531F0F0E}.Debug|Any CPU.Build.0 = Debug|Any CPU
		{281E283D-0645-419C-8FC2-F177531F0F0E}.Release|Any CPU.ActiveCfg = Release|Any CPU
		{281E283D-0645-419C-8FC2-F177531F0F0E}.Release|Any CPU.Build.0 = Release|Any CPU
	EndGlobalSection
	GlobalSection(SolutionProperties) = preSolution
		HideSolutionNode = FALSE
	EndGlobalSection
	GlobalSection(ExtensibilityGlobals) = postSolution
		SolutionGuid = {8214AA0A-9272-4028-8B2F-BA96C2E859DB}
	EndGlobalSection
EndGlobal
