
Microsoft Visual Studio Solution File, Format Version 12.00
# Visual Studio Version 16
VisualStudioVersion = 16.0.32126.315
MinimumVisualStudioVersion = 10.0.40219.1
Project("{FAE04EC0-301F-11D3-BF4B-00C04F79EFBC}") = "TrackerLibrary", "TrackerLibrary\TrackerLibrary.csproj", "{C8D2E0BB-271E-4C94-97CD-F8F1F9F9CD15}"
EndProject
Project("{FAE04EC0-301F-11D3-BF4B-00C04F79EFBC}") = "TrackerUI", "TrackerUI\TrackerUI.csproj", "{CFED6F03-CF65-49C7-9584-74EA6B55DA6A}"
EndProject
Global
	GlobalSection(SolutionConfigurationPlatforms) = preSolution
		Debug|Any CPU = Debug|Any CPU
		Release|Any CPU = Release|Any CPU
	EndGlobalSection
	GlobalSection(ProjectConfigurationPlatforms) = postSolution
		{C8D2E0BB-271E-4C94-97CD-F8F1F9F9CD15}.Debug|Any CPU.ActiveCfg = Debug|Any CPU
		{C8D2E0BB-271E-4C94-97CD-F8F1F9F9CD15}.Debug|Any CPU.Build.0 = Debug|Any CPU
		{C8D2E0BB-271E-4C94-97CD-F8F1F9F9CD15}.Release|Any CPU.ActiveCfg = Release|Any CPU
		{C8D2E0BB-271E-4C94-97CD-F8F1F9F9CD15}.Release|Any CPU.Build.0 = Release|Any CPU
		{CFED6F03-CF65-49C7-9584-74EA6B55DA6A}.Debug|Any CPU.ActiveCfg = Debug|Any CPU
		{CFED6F03-CF65-49C7-9584-74EA6B55DA6A}.Debug|Any CPU.Build.0 = Debug|Any CPU
		{CFED6F03-CF65-49C7-9584-74EA6B55DA6A}.Release|Any CPU.ActiveCfg = Release|Any CPU
		{CFED6F03-CF65-49C7-9584-74EA6B55DA6A}.Release|Any CPU.Build.0 = Release|Any CPU
	EndGlobalSection
	GlobalSection(SolutionProperties) = preSolution
		HideSolutionNode = FALSE
	EndGlobalSection
	GlobalSection(ExtensibilityGlobals) = postSolution
		SolutionGuid = {88FC8A11-E461-4488-B256-771C4803CCE7}
	EndGlobalSection
EndGlobal
